// !$*UTF8*$!
{
	archiveVersion = 1;
	classes = {
	};
	objectVersion = 46;
	objects = {

/* Begin PBXBuildFile section */
		617E20591C65B66200070F38 /* AppDelegate.swift in Sources */ = {isa = PBXBuildFile; fileRef = 617E20581C65B66200070F38 /* AppDelegate.swift */; };
		617E205B1C65B66200070F38 /* ViewController.swift in Sources */ = {isa = PBXBuildFile; fileRef = 617E205A1C65B66200070F38 /* ViewController.swift */; };
		617E205E1C65B66200070F38 /* Main.storyboard in Resources */ = {isa = PBXBuildFile; fileRef = 617E205C1C65B66200070F38 /* Main.storyboard */; };
		617E20601C65B66200070F38 /* Images.xcassets in Resources */ = {isa = PBXBuildFile; fileRef = 617E205F1C65B66200070F38 /* Images.xcassets */; };
		617E20631C65B66200070F38 /* LaunchScreen.xib in Resources */ = {isa = PBXBuildFile; fileRef = 617E20611C65B66200070F38 /* LaunchScreen.xib */; };
		617E206F1C65B66200070F38 /* PostcardTests.swift in Sources */ = {isa = PBXBuildFile; fileRef = 617E206E1C65B66200070F38 /* PostcardTests.swift */; };
/* End PBXBuildFile section */

/* Begin PBXContainerItemProxy section */
		617E20691C65B66200070F38 /* PBXContainerItemProxy */ = {
			isa = PBXContainerItemProxy;
			containerPortal = 617E204B1C65B66200070F38 /* Project object */;
			proxyType = 1;
			remoteGlobalIDString = 617E20521C65B66200070F38;
			remoteInfo = Postcard;
		};
/* End PBXContainerItemProxy section */

/* Begin PBXFileReference section */
		617E20531C65B66200070F38 /* Postcard.app */ = {isa = PBXFileReference; explicitFileType = wrapper.application; includeInIndex = 0; path = Postcard.app; sourceTree = BUILT_PRODUCTS_DIR; };
		617E20571C65B66200070F38 /* Info.plist */ = {isa = PBXFileReference; lastKnownFileType = text.plist.xml; path = Info.plist; sourceTree = "<group>"; };
		617E20581C65B66200070F38 /* AppDelegate.swift */ = {isa = PBXFileReference; lastKnownFileType = sourcecode.swift; path = AppDelegate.swift; sourceTree = "<group>"; };
		617E205A1C65B66200070F38 /* ViewController.swift */ = {isa = PBXFileReference; lastKnownFileType = sourcecode.swift; path = ViewController.swift; sourceTree = "<group>"; };
		617E205D1C65B66200070F38 /* Base */ = {isa = PBXFileReference; lastKnownFileType = file.storyboard; name = Base; path = Base.lproj/Main.storyboard; sourceTree = "<group>"; };
		617E205F1C65B66200070F38 /* Images.xcassets */ = {isa = PBXFileReference; lastKnownFileType = folder.assetcatalog; path = Images.xcassets; sourceTree = "<group>"; };
		617E20621C65B66200070F38 /* Base */ = {isa = PBXFileReference; lastKnownFileType = file.xib; name = Base; path = Base.lproj/LaunchScreen.xib; sourceTree = "<group>"; };
		617E20681C65B66200070F38 /* PostcardTests.xctest */ = {isa = PBXFileReference; explicitFileType = wrapper.cfbundle; includeInIndex = 0; path = PostcardTests.xctest; sourceTree = BUILT_PRODUCTS_DIR; };
		617E206D1C65B66200070F38 /* Info.plist */ = {isa = PBXFileReference; lastKnownFileType = text.plist.xml; path = Info.plist; sourceTree = "<group>"; };
		617E206E1C65B66200070F38 /* PostcardTests.swift */ = {isa = PBXFileReference; lastKnownFileType = sourcecode.swift; path = PostcardTests.swift; sourceTree = "<group>"; };
/* End PBXFileReference section */

/* Begin PBXFrameworksBuildPhase section */
		617E20501C65B66200070F38 /* Frameworks */ = {
			isa = PBXFrameworksBuildPhase;
			buildActionMask = 2147483647;
			files = (
			);
			runOnlyForDeploymentPostprocessing = 0;
		};
		617E20651C65B66200070F38 /* Frameworks */ = {
			isa = PBXFrameworksBuildPhase;
			buildActionMask = 2147483647;
			files = (
			);
			runOnlyForDeploymentPostprocessing = 0;
		};
/* End PBXFrameworksBuildPhase section */

/* Begin PBXGroup section */
		617E204A1C65B66200070F38 = {
			isa = PBXGroup;
			children = (
				617E20551C65B66200070F38 /* Postcard */,
				617E206B1C65B66200070F38 /* PostcardTests */,
				617E20541C65B66200070F38 /* Products */,
			);
			sourceTree = "<group>";
		};
		617E20541C65B66200070F38 /* Products */ = {
			isa = PBXGroup;
			children = (
				617E20531C65B66200070F38 /* Postcard.app */,
				617E20681C65B66200070F38 /* PostcardTests.xctest */,
			);
			name = Products;
			sourceTree = "<group>";
		};
		617E20551C65B66200070F38 /* Postcard */ = {
			isa = PBXGroup;
			children = (
				617E20581C65B66200070F38 /* AppDelegate.swift */,
				617E205A1C65B66200070F38 /* ViewController.swift */,
				617E205C1C65B66200070F38 /* Main.storyboard */,
				617E205F1C65B66200070F38 /* Images.xcassets */,
				617E20611C65B66200070F38 /* LaunchScreen.xib */,
				617E20561C65B66200070F38 /* Supporting Files */,
			);
			path = Postcard;
			sourceTree = "<group>";
		};
		617E20561C65B66200070F38 /* Supporting Files */ = {
			isa = PBXGroup;
			children = (
				617E20571C65B66200070F38 /* Info.plist */,
			);
			name = "Supporting Files";
			sourceTree = "<group>";
		};
		617E206B1C65B66200070F38 /* PostcardTests */ = {
			isa = PBXGroup;
			children = (
				617E206E1C65B66200070F38 /* PostcardTests.swift */,
				617E206C1C65B66200070F38 /* Supporting Files */,
			);
			path = PostcardTests;
			sourceTree = "<group>";
		};
		617E206C1C65B66200070F38 /* Supporting Files */ = {
			isa = PBXGroup;
			children = (
				617E206D1C65B66200070F38 /* Info.plist */,
			);
			name = "Supporting Files";
			sourceTree = "<group>";
		};
/* End PBXGroup section */

/* Begin PBXNativeTarget section */
		617E20521C65B66200070F38 /* Postcard */ = {
			isa = PBXNativeTarget;
			buildConfigurationList = 617E20721C65B66200070F38 /* Build configuration list for PBXNativeTarget "Postcard" */;
			buildPhases = (
				617E204F1C65B66200070F38 /* Sources */,
				617E20501C65B66200070F38 /* Frameworks */,
				617E20511C65B66200070F38 /* Resources */,
			);
			buildRules = (
			);
			dependencies = (
			);
			name = Postcard;
			productName = Postcard;
			productReference = 617E20531C65B66200070F38 /* Postcard.app */;
			productType = "com.apple.product-type.application";
		};
		617E20671C65B66200070F38 /* PostcardTests */ = {
			isa = PBXNativeTarget;
			buildConfigurationList = 617E20751C65B66200070F38 /* Build configuration list for PBXNativeTarget "PostcardTests" */;
			buildPhases = (
				617E20641C65B66200070F38 /* Sources */,
				617E20651C65B66200070F38 /* Frameworks */,
				617E20661C65B66200070F38 /* Resources */,
			);
			buildRules = (
			);
			dependencies = (
				617E206A1C65B66200070F38 /* PBXTargetDependency */,
			);
			name = PostcardTests;
			productName = PostcardTests;
			productReference = 617E20681C65B66200070F38 /* PostcardTests.xctest */;
			productType = "com.apple.product-type.bundle.unit-test";
		};
/* End PBXNativeTarget section */

/* Begin PBXProject section */
		617E204B1C65B66200070F38 /* Project object */ = {
			isa = PBXProject;
			attributes = {
				LastUpgradeCheck = 0640;
				ORGANIZATIONNAME = LemLink;
				TargetAttributes = {
					617E20521C65B66200070F38 = {
						CreatedOnToolsVersion = 6.4;
					};
					617E20671C65B66200070F38 = {
						CreatedOnToolsVersion = 6.4;
						TestTargetID = 617E20521C65B66200070F38;
					};
				};
			};
			buildConfigurationList = 617E204E1C65B66200070F38 /* Build configuration list for PBXProject "Postcard" */;
			compatibilityVersion = "Xcode 3.2";
			developmentRegion = English;
			hasScannedForEncodings = 0;
			knownRegions = (
				en,
				Base,
			);
			mainGroup = 617E204A1C65B66200070F38;
			productRefGroup = 617E20541C65B66200070F38 /* Products */;
			projectDirPath = "";
			projectRoot = "";
			targets = (
				617E20521C65B66200070F38 /* Postcard */,
				617E20671C65B66200070F38 /* PostcardTests */,
			);
		};
/* End PBXProject section */

/* Begin PBXResourcesBuildPhase section */
		617E20511C65B66200070F38 /* Resources */ = {
			isa = PBXResourcesBuildPhase;
			buildActionMask = 2147483647;
			files = (
				617E205E1C65B66200070F38 /* Main.storyboard in Resources */,
				617E20631C65B66200070F38 /* LaunchScreen.xib in Resources */,
				617E20601C65B66200070F38 /* Images.xcassets in Resources */,
			);
			runOnlyForDeploymentPostprocessing = 0;
		};
		617E20661C65B66200070F38 /* Resources */ = {
			isa = PBXResourcesBuildPhase;
			buildActionMask = 2147483647;
			files = (
			);
			runOnlyForDeploymentPostprocessing = 0;
		};
/* End PBXResourcesBuildPhase section */

/* Begin PBXSourcesBuildPhase section */
		617E204F1C65B66200070F38 /* Sources */ = {
			isa = PBXSourcesBuildPhase;
			buildActionMask = 2147483647;
			files = (
				617E205B1C65B66200070F38 /* ViewController.swift in Sources */,
				617E20591C65B66200070F38 /* AppDelegate.swift in Sources */,
			);
			runOnlyForDeploymentPostprocessing = 0;
		};
		617E20641C65B66200070F38 /* Sources */ = {
			isa = PBXSourcesBuildPhase;
			buildActionMask = 2147483647;
			files = (
				617E206F1C65B66200070F38 /* PostcardTests.swift in Sources */,
			);
			runOnlyForDeploymentPostprocessing = 0;
		};
/* End PBXSourcesBuildPhase section */

/* Begin PBXTargetDependency section */
		617E206A1C65B66200070F38 /* PBXTargetDependency */ = {
			isa = PBXTargetDependency;
			target = 617E20521C65B66200070F38 /* Postcard */;
			targetProxy = 617E20691C65B66200070F38 /* PBXContainerItemProxy */;
		};
/* End PBXTargetDependency section */

/* Begin PBXVariantGroup section */
		617E205C1C65B66200070F38 /* Main.storyboard */ = {
			isa = PBXVariantGroup;
			children = (
				617E205D1C65B66200070F38 /* Base */,
			);
			name = Main.storyboard;
			sourceTree = "<group>";
		};
		617E20611C65B66200070F38 /* LaunchScreen.xib */ = {
			isa = PBXVariantGroup;
			children = (
				617E20621C65B66200070F38 /* Base */,
			);
			name = LaunchScreen.xib;
			sourceTree = "<group>";
		};
/* End PBXVariantGroup section */

/* Begin XCBuildConfiguration section */
		617E20701C65B66200070F38 /* Debug */ = {
			isa = XCBuildConfiguration;
			buildSettings = {
				ALWAYS_SEARCH_USER_PATHS = NO;
				CLANG_CXX_LANGUAGE_STANDARD = "gnu++0x";
				CLANG_CXX_LIBRARY = "libc++";
				CLANG_ENABLE_MODULES = YES;
				CLANG_ENABLE_OBJC_ARC = YES;
				CLANG_WARN_BOOL_CONVERSION = YES;
				CLANG_WARN_CONSTANT_CONVERSION = YES;
				CLANG_WARN_DIRECT_OBJC_ISA_USAGE = YES_ERROR;
				CLANG_WARN_EMPTY_BODY = YES;
				CLANG_WARN_ENUM_CONVERSION = YES;
				CLANG_WARN_INT_CONVERSION = YES;
				CLANG_WARN_OBJC_ROOT_CLASS = YES_ERROR;
				CLANG_WARN_UNREACHABLE_CODE = YES;
				CLANG_WARN__DUPLICATE_METHOD_MATCH = YES;
				"CODE_SIGN_IDENTITY[sdk=iphoneos*]" = "iPhone Developer";
				COPY_PHASE_STRIP = NO;
				DEBUG_INFORMATION_FORMAT = "dwarf-with-dsym";
				ENABLE_STRICT_OBJC_MSGSEND = YES;
				GCC_C_LANGUAGE_STANDARD = gnu99;
				GCC_DYNAMIC_NO_PIC = NO;
				GCC_NO_COMMON_BLOCKS = YES;
				GCC_OPTIMIZATION_LEVEL = 0;
				GCC_PREPROCESSOR_DEFINITIONS = (
					"DEBUG=1",
					"$(inherited)",
				);
				GCC_SYMBOLS_PRIVATE_EXTERN = NO;
				GCC_WARN_64_TO_32_BIT_CONVERSION = YES;
				GCC_WARN_ABOUT_RETURN_TYPE = YES_ERROR;
				GCC_WARN_UNDECLARED_SELECTOR = YES;
				GCC_WARN_UNINITIALIZED_AUTOS = YES_AGGRESSIVE;
				GCC_WARN_UNUSED_FUNCTION = YES;
				GCC_WARN_UNUSED_VARIABLE = YES;
				IPHONEOS_DEPLOYMENT_TARGET = 8.4;
				MTL_ENABLE_DEBUG_INFO = YES;
				ONLY_ACTIVE_ARCH = YES;
				SDKROOT = iphoneos;
				SWIFT_OPTIMIZATION_LEVEL = "-Onone";
				TARGETED_DEVICE_FAMILY = "1,2";
			};
			name = Debug;
		};
		617E20711C65B66200070F38 /* Release */ = {
			isa = XCBuildConfiguration;
			buildSettings = {
				ALWAYS_SEARCH_USER_PATHS = NO;
				CLANG_CXX_LANGUAGE_STANDARD = "gnu++0x";
				CLANG_CXX_LIBRARY = "libc++";
				CLANG_ENABLE_MODULES = YES;
				CLANG_ENABLE_OBJC_ARC = YES;
				CLANG_WARN_BOOL_CONVERSION = YES;
				CLANG_WARN_CONSTANT_CONVERSION = YES;
				CLANG_WARN_DIRECT_OBJC_ISA_USAGE = YES_ERROR;
				CLANG_WARN_EMPTY_BODY = YES;
				CLANG_WARN_ENUM_CONVERSION = YES;
				CLANG_WARN_INT_CONVERSION = YES;
				CLANG_WARN_OBJC_ROOT_CLASS = YES_ERROR;
				CLANG_WARN_UNREACHABLE_CODE = YES;
				CLANG_WARN__DUPLICATE_METHOD_MATCH = YES;
				"CODE_SIGN_IDENTITY[sdk=iphoneos*]" = "iPhone Developer";
				COPY_PHASE_STRIP = NO;
				DEBUG_INFORMATION_FORMAT = "dwarf-with-dsym";
				ENABLE_NS_ASSERTIONS = NO;
				ENABLE_STRICT_OBJC_MSGSEND = YES;
				GCC_C_LANGUAGE_STANDARD = gnu99;
				GCC_NO_COMMON_BLOCKS = YES;
				GCC_WARN_64_TO_32_BIT_CONVERSION = YES;
				GCC_WARN_ABOUT_RETURN_TYPE = YES_ERROR;
				GCC_WARN_UNDECLARED_SELECTOR = YES;
				GCC_WARN_UNINITIALIZED_AUTOS = YES_AGGRESSIVE;
				GCC_WARN_UNUSED_FUNCTION = YES;
				GCC_WARN_UNUSED_VARIABLE = YES;
				IPHONEOS_DEPLOYMENT_TARGET = 8.4;
				MTL_ENABLE_DEBUG_INFO = NO;
				SDKROOT = iphoneos;
				TARGETED_DEVICE_FAMILY = "1,2";
				VALIDATE_PRODUCT = YES;
			};
			name = Release;
		};
		617E20731C65B66200070F38 /* Debug */ = {
			isa = XCBuildConfiguration;
			buildSettings = {
				ASSETCATALOG_COMPILER_APPICON_NAME = AppIcon;
				INFOPLIST_FILE = Postcard/Info.plist;
				LD_RUNPATH_SEARCH_PATHS = "$(inherited) @executable_path/Frameworks";
				PRODUCT_NAME = "$(TARGET_NAME)";
			};
			name = Debug;
		};
		617E20741C65B66200070F38 /* Release */ = {
			isa = XCBuildConfiguration;
			buildSettings = {
				ASSETCATALOG_COMPILER_APPICON_NAME = AppIcon;
				INFOPLIST_FILE = Postcard/Info.plist;
				LD_RUNPATH_SEARCH_PATHS = "$(inherited) @executable_path/Frameworks";
				PRODUCT_NAME = "$(TARGET_NAME)";
			};
			name = Release;
		};
		617E20761C65B66200070F38 /* Debug */ = {
			isa = XCBuildConfiguration;
			buildSettings = {
				BUNDLE_LOADER = "$(TEST_HOST)";
				FRAMEWORK_SEARCH_PATHS = (
					"$(SDKROOT)/Developer/Library/Frameworks",
					"$(inherited)",
				);
				GCC_PREPROCESSOR_DEFINITIONS = (
					"DEBUG=1",
					"$(inherited)",
				);
				INFOPLIST_FILE = PostcardTests/Info.plist;
				LD_RUNPATH_SEARCH_PATHS = "$(inherited) @executable_path/Frameworks @loader_path/Frameworks";
				PRODUCT_NAME = "$(TARGET_NAME)";
				TEST_HOST = "$(BUILT_PRODUCTS_DIR)/Postcard.app/Postcard";
			};
			name = Debug;
		};
		617E20771C65B66200070F38 /* Release */ = {
			isa = XCBuildConfiguration;
			buildSettings = {
				BUNDLE_LOADER = "$(TEST_HOST)";
				FRAMEWORK_SEARCH_PATHS = (
					"$(SDKROOT)/Developer/Library/Frameworks",
					"$(inherited)",
				);
				INFOPLIST_FILE = PostcardTests/Info.plist;
				LD_RUNPATH_SEARCH_PATHS = "$(inherited) @executable_path/Frameworks @loader_path/Frameworks";
				PRODUCT_NAME = "$(TARGET_NAME)";
				TEST_HOST = "$(BUILT_PRODUCTS_DIR)/Postcard.app/Postcard";
			};
			name = Release;
		};
/* End XCBuildConfiguration section */

/* Begin XCConfigurationList section */
		617E204E1C65B66200070F38 /* Build configuration list for PBXProject "Postcard" */ = {
			isa = XCConfigurationList;
			buildConfigurations = (
				617E20701C65B66200070F38 /* Debug */,
				617E20711C65B66200070F38 /* Release */,
			);
			defaultConfigurationIsVisible = 0;
			defaultConfigurationName = Release;
		};
		617E20721C65B66200070F38 /* Build configuration list for PBXNativeTarget "Postcard" */ = {
			isa = XCConfigurationList;
			buildConfigurations = (
				617E20731C65B66200070F38 /* Debug */,
				617E20741C65B66200070F38 /* Release */,
			);
			defaultConfigurationIsVisible = 0;
		};
		617E20751C65B66200070F38 /* Build configuration list for PBXNativeTarget "PostcardTests" */ = {
			isa = XCConfigurationList;
			buildConfigurations = (
				617E20761C65B66200070F38 /* Debug */,
				617E20771C65B66200070F38 /* Release */,
			);
			defaultConfigurationIsVisible = 0;
		};
/* End XCConfigurationList section */
	};
	rootObject = 617E204B1C65B66200070F38 /* Project object */;
}
